
Microsoft Visual Studio Solution File, Format Version 12.00
# Visual Studio 15
VisualStudioVersion = 15.0.28307.421
MinimumVisualStudioVersion = 10.0.40219.1
Project("{00D1A9C2-B5F0-4AF3-8072-F6C62B433612}") = "telephonedbchanges", "telephonedbchanges\telephonedbchanges.sqlproj", "{9B4A3380-7C7C-4915-94A9-07ECD7C0B580}"
EndProject
Global
	GlobalSection(SolutionConfigurationPlatforms) = preSolution
		Debug|Any CPU = Debug|Any CPU
		Release|Any CPU = Release|Any CPU
	EndGlobalSection
	GlobalSection(ProjectConfigurationPlatforms) = postSolution
		{9B4A3380-7C7C-4915-94A9-07ECD7C0B580}.Debug|Any CPU.ActiveCfg = Debug|Any CPU
		{9B4A3380-7C7C-4915-94A9-07ECD7C0B580}.Debug|Any CPU.Build.0 = Debug|Any CPU
		{9B4A3380-7C7C-4915-94A9-07ECD7C0B580}.Debug|Any CPU.Deploy.0 = Debug|Any CPU
		{9B4A3380-7C7C-4915-94A9-07ECD7C0B580}.Release|Any CPU.ActiveCfg = Release|Any CPU
		{9B4A3380-7C7C-4915-94A9-07ECD7C0B580}.Release|Any CPU.Build.0 = Release|Any CPU
		{9B4A3380-7C7C-4915-94A9-07ECD7C0B580}.Release|Any CPU.Deploy.0 = Release|Any CPU
	EndGlobalSection
	GlobalSection(SolutionProperties) = preSolution
		HideSolutionNode = FALSE
	EndGlobalSection
	GlobalSection(ExtensibilityGlobals) = postSolution
		SolutionGuid = {74999533-558B-45C5-8AE1-8379DD76CB29}
	EndGlobalSection
EndGlobal
